
Microsoft Visual Studio Solution File, Format Version 12.00
# Visual Studio 15
VisualStudioVersion = 15.0.28307.438
MinimumVisualStudioVersion = 10.0.40219.1
Project("{FAE04EC0-301F-11D3-BF4B-00C04F79EFBC}") = "Serenity.Android", "Serenity\Serenity.Android\Serenity.Android.csproj", "{F6D1652A-A15C-4DD6-8D58-A9DADF2FB957}"
EndProject
Project("{FAE04EC0-301F-11D3-BF4B-00C04F79EFBC}") = "Serenity.iOS", "Serenity\Serenity.iOS\Serenity.iOS.csproj", "{DED6DA1E-A5DB-4A35-B4A0-ED015906225B}"
EndProject
Project("{FAE04EC0-301F-11D3-BF4B-00C04F79EFBC}") = "Serenity.UWP", "Serenity\Serenity.UWP\Serenity.UWP.csproj", "{3A8F6E87-01FC-406C-B5A3-1E5CFF3A353D}"
EndProject
Project("{FAE04EC0-301F-11D3-BF4B-00C04F79EFBC}") = "Serenity", "Serenity\Serenity\Serenity.csproj", "{726674B8-B8D9-4CE6-923B-66EE603D122D}"
EndProject
Global
	GlobalSection(SolutionConfigurationPlatforms) = preSolution
		Ad-Hoc|Any CPU = Ad-Hoc|Any CPU
		Ad-Hoc|ARM = Ad-Hoc|ARM
		Ad-Hoc|iPhone = Ad-Hoc|iPhone
		Ad-Hoc|iPhoneSimulator = Ad-Hoc|iPhoneSimulator
		Ad-Hoc|x64 = Ad-Hoc|x64
		Ad-Hoc|x86 = Ad-Hoc|x86
		AppStore|Any CPU = AppStore|Any CPU
		AppStore|ARM = AppStore|ARM
		AppStore|iPhone = AppStore|iPhone
		AppStore|iPhoneSimulator = AppStore|iPhoneSimulator
		AppStore|x64 = AppStore|x64
		AppStore|x86 = AppStore|x86
		Debug|Any CPU = Debug|Any CPU
		Debug|ARM = Debug|ARM
		Debug|iPhone = Debug|iPhone
		Debug|iPhoneSimulator = Debug|iPhoneSimulator
		Debug|x64 = Debug|x64
		Debug|x86 = Debug|x86
		Release|Any CPU = Release|Any CPU
		Release|ARM = Release|ARM
		Release|iPhone = Release|iPhone
		Release|iPhoneSimulator = Release|iPhoneSimulator
		Release|x64 = Release|x64
		Release|x86 = Release|x86
	EndGlobalSection
	GlobalSection(ProjectConfigurationPlatforms) = postSolution
		{F6D1652A-A15C-4DD6-8D58-A9DADF2FB957}.Ad-Hoc|Any CPU.ActiveCfg = Release|Any CPU
		{F6D1652A-A15C-4DD6-8D58-A9DADF2FB957}.Ad-Hoc|Any CPU.Build.0 = Release|Any CPU
		{F6D1652A-A15C-4DD6-8D58-A9DADF2FB957}.Ad-Hoc|Any CPU.Deploy.0 = Release|Any CPU
		{F6D1652A-A15C-4DD6-8D58-A9DADF2FB957}.Ad-Hoc|ARM.ActiveCfg = Release|Any CPU
		{F6D1652A-A15C-4DD6-8D58-A9DADF2FB957}.Ad-Hoc|ARM.Build.0 = Release|Any CPU
		{F6D1652A-A15C-4DD6-8D58-A9DADF2FB957}.Ad-Hoc|ARM.Deploy.0 = Release|Any CPU
		{F6D1652A-A15C-4DD6-8D58-A9DADF2FB957}.Ad-Hoc|iPhone.ActiveCfg = Release|Any CPU
		{F6D1652A-A15C-4DD6-8D58-A9DADF2FB957}.Ad-Hoc|iPhone.Build.0 = Release|Any CPU
		{F6D1652A-A15C-4DD6-8D58-A9DADF2FB957}.Ad-Hoc|iPhone.Deploy.0 = Release|Any CPU
		{F6D1652A-A15C-4DD6-8D58-A9DADF2FB957}.Ad-Hoc|iPhoneSimulator.ActiveCfg = Release|Any CPU
		{F6D1652A-A15C-4DD6-8D58-A9DADF2FB957}.Ad-Hoc|iPhoneSimulator.Build.0 = Release|Any CPU
		{F6D1652A-A15C-4DD6-8D58-A9DADF2FB957}.Ad-Hoc|iPhoneSimulator.Deploy.0 = Release|Any CPU
		{F6D1652A-A15C-4DD6-8D58-A9DADF2FB957}.Ad-Hoc|x64.ActiveCfg = Release|Any CPU
		{F6D1652A-A15C-4DD6-8D58-A9DADF2FB957}.Ad-Hoc|x64.Build.0 = Release|Any CPU
		{F6D1652A-A15C-4DD6-8D58-A9DADF2FB957}.Ad-Hoc|x64.Deploy.0 = Release|Any CPU
		{F6D1652A-A15C-4DD6-8D58-A9DADF2FB957}.Ad-Hoc|x86.ActiveCfg = Release|Any CPU
		{F6D1652A-A15C-4DD6-8D58-A9DADF2FB957}.Ad-Hoc|x86.Build.0 = Release|Any CPU
		{F6D1652A-A15C-4DD6-8D58-A9DADF2FB957}.Ad-Hoc|x86.Deploy.0 = Release|Any CPU
		{F6D1652A-A15C-4DD6-8D58-A9DADF2FB957}.AppStore|Any CPU.ActiveCfg = Release|Any CPU
		{F6D1652A-A15C-4DD6-8D58-A9DADF2FB957}.AppStore|Any CPU.Build.0 = Release|Any CPU
		{F6D1652A-A15C-4DD6-8D58-A9DADF2FB957}.AppStore|Any CPU.Deploy.0 = Release|Any CPU
		{F6D1652A-A15C-4DD6-8D58-A9DADF2FB957}.AppStore|ARM.ActiveCfg = Release|Any CPU
		{F6D1652A-A15C-4DD6-8D58-A9DADF2FB957}.AppStore|ARM.Build.0 = Release|Any CPU
		{F6D1652A-A15C-4DD6-8D58-A9DADF2FB957}.AppStore|ARM.Deploy.0 = Release|Any CPU
		{F6D1652A-A15C-4DD6-8D58-A9DADF2FB957}.AppStore|iPhone.ActiveCfg = Release|Any CPU
		{F6D1652A-A15C-4DD6-8D58-A9DADF2FB957}.AppStore|iPhone.Build.0 = Release|Any CPU
		{F6D1652A-A15C-4DD6-8D58-A9DADF2FB957}.AppStore|iPhone.Deploy.0 = Release|Any CPU
		{F6D1652A-A15C-4DD6-8D58-A9DADF2FB957}.AppStore|iPhoneSimulator.ActiveCfg = Release|Any CPU
		{F6D1652A-A15C-4DD6-8D58-A9DADF2FB957}.AppStore|iPhoneSimulator.Build.0 = Release|Any CPU
		{F6D1652A-A15C-4DD6-8D58-A9DADF2FB957}.AppStore|iPhoneSimulator.Deploy.0 = Release|Any CPU
		{F6D1652A-A15C-4DD6-8D58-A9DADF2FB957}.AppStore|x64.ActiveCfg = Release|Any CPU
		{F6D1652A-A15C-4DD6-8D58-A9DADF2FB957}.AppStore|x64.Build.0 = Release|Any CPU
		{F6D1652A-A15C-4DD6-8D58-A9DADF2FB957}.AppStore|x64.Deploy.0 = Release|Any CPU
		{F6D1652A-A15C-4DD6-8D58-A9DADF2FB957}.AppStore|x86.ActiveCfg = Release|Any CPU
		{F6D1652A-A15C-4DD6-8D58-A9DADF2FB957}.AppStore|x86.Build.0 = Release|Any CPU
		{F6D1652A-A15C-4DD6-8D58-A9DADF2FB957}.AppStore|x86.Deploy.0 = Release|Any CPU
		{F6D1652A-A15C-4DD6-8D58-A9DADF2FB957}.Debug|Any CPU.ActiveCfg = Debug|Any CPU
		{F6D1652A-A15C-4DD6-8D58-A9DADF2FB957}.Debug|Any CPU.Build.0 = Debug|Any CPU
		{F6D1652A-A15C-4DD6-8D58-A9DADF2FB957}.Debug|Any CPU.Deploy.0 = Debug|Any CPU
		{F6D1652A-A15C-4DD6-8D58-A9DADF2FB957}.Debug|ARM.ActiveCfg = Debug|Any CPU
		{F6D1652A-A15C-4DD6-8D58-A9DADF2FB957}.Debug|ARM.Build.0 = Debug|Any CPU
		{F6D1652A-A15C-4DD6-8D58-A9DADF2FB957}.Debug|ARM.Deploy.0 = Debug|Any CPU
		{F6D1652A-A15C-4DD6-8D58-A9DADF2FB957}.Debug|iPhone.ActiveCfg = Debug|Any CPU
		{F6D1652A-A15C-4DD6-8D58-A9DADF2FB957}.Debug|iPhone.Build.0 = Debug|Any CPU
		{F6D1652A-A15C-4DD6-8D58-A9DADF2FB957}.Debug|iPhone.Deploy.0 = Debug|Any CPU
		{F6D1652A-A15C-4DD6-8D58-A9DADF2FB957}.Debug|iPhoneSimulator.ActiveCfg = Debug|Any CPU
		{F6D1652A-A15C-4DD6-8D58-A9DADF2FB957}.Debug|iPhoneSimulator.Build.0 = Debug|Any CPU
		{F6D1652A-A15C-4DD6-8D58-A9DADF2FB957}.Debug|iPhoneSimulator.Deploy.0 = Debug|Any CPU
		{F6D1652A-A15C-4DD6-8D58-A9DADF2FB957}.Debug|x64.ActiveCfg = Debug|Any CPU
		{F6D1652A-A15C-4DD6-8D58-A9DADF2FB957}.Debug|x64.Build.0 = Debug|Any CPU
		{F6D1652A-A15C-4DD6-8D58-A9DADF2FB957}.Debug|x64.Deploy.0 = Debug|Any CPU
		{F6D1652A-A15C-4DD6-8D58-A9DADF2FB957}.Debug|x86.ActiveCfg = Debug|Any CPU
		{F6D1652A-A15C-4DD6-8D58-A9DADF2FB957}.Debug|x86.Build.0 = Debug|Any CPU
		{F6D1652A-A15C-4DD6-8D58-A9DADF2FB957}.Debug|x86.Deploy.0 = Debug|Any CPU
		{F6D1652A-A15C-4DD6-8D58-A9DADF2FB957}.Release|Any CPU.ActiveCfg = Release|Any CPU
		{F6D1652A-A15C-4DD6-8D58-A9DADF2FB957}.Release|Any CPU.Build.0 = Release|Any CPU
		{F6D1652A-A15C-4DD6-8D58-A9DADF2FB957}.Release|Any CPU.Deploy.0 = Release|Any CPU
		{F6D1652A-A15C-4DD6-8D58-A9DADF2FB957}.Release|ARM.ActiveCfg = Release|Any CPU
		{F6D1652A-A15C-4DD6-8D58-A9DADF2FB957}.Release|ARM.Build.0 = Release|Any CPU
		{F6D1652A-A15C-4DD6-8D58-A9DADF2FB957}.Release|ARM.Deploy.0 = Release|Any CPU
		{F6D1652A-A15C-4DD6-8D58-A9DADF2FB957}.Release|iPhone.ActiveCfg = Release|Any CPU
		{F6D1652A-A15C-4DD6-8D58-A9DADF2FB957}.Release|iPhone.Build.0 = Release|Any CPU
		{F6D1652A-A15C-4DD6-8D58-A9DADF2FB957}.Release|iPhone.Deploy.0 = Release|Any CPU
		{F6D1652A-A15C-4DD6-8D58-A9DADF2FB957}.Release|iPhoneSimulator.ActiveCfg = Release|Any CPU
		{F6D1652A-A15C-4DD6-8D58-A9DADF2FB957}.Release|iPhoneSimulator.Build.0 = Release|Any CPU
		{F6D1652A-A15C-4DD6-8D58-A9DADF2FB957}.Release|iPhoneSimulator.Deploy.0 = Release|Any CPU
		{F6D1652A-A15C-4DD6-8D58-A9DADF2FB957}.Release|x64.ActiveCfg = Release|Any CPU
		{F6D1652A-A15C-4DD6-8D58-A9DADF2FB957}.Release|x64.Build.0 = Release|Any CPU
		{F6D1652A-A15C-4DD6-8D58-A9DADF2FB957}.Release|x64.Deploy.0 = Release|Any CPU
		{F6D1652A-A15C-4DD6-8D58-A9DADF2FB957}.Release|x86.ActiveCfg = Release|Any CPU
		{F6D1652A-A15C-4DD6-8D58-A9DADF2FB957}.Release|x86.Build.0 = Release|Any CPU
		{F6D1652A-A15C-4DD6-8D58-A9DADF2FB957}.Release|x86.Deploy.0 = Release|Any CPU
		{DED6DA1E-A5DB-4A35-B4A0-ED015906225B}.Ad-Hoc|Any CPU.ActiveCfg = Ad-Hoc|iPhone
		{DED6DA1E-A5DB-4A35-B4A0-ED015906225B}.Ad-Hoc|ARM.ActiveCfg = Ad-Hoc|iPhone
		{DED6DA1E-A5DB-4A35-B4A0-ED015906225B}.Ad-Hoc|iPhone.ActiveCfg = Ad-Hoc|iPhone
		{DED6DA1E-A5DB-4A35-B4A0-ED015906225B}.Ad-Hoc|iPhone.Build.0 = Ad-Hoc|iPhone
		{DED6DA1E-A5DB-4A35-B4A0-ED015906225B}.Ad-Hoc|iPhoneSimulator.ActiveCfg = Ad-Hoc|iPhoneSimulator
		{DED6DA1E-A5DB-4A35-B4A0-ED015906225B}.Ad-Hoc|iPhoneSimulator.Build.0 = Ad-Hoc|iPhoneSimulator
		{DED6DA1E-A5DB-4A35-B4A0-ED015906225B}.Ad-Hoc|x64.ActiveCfg = Ad-Hoc|iPhone
		{DED6DA1E-A5DB-4A35-B4A0-ED015906225B}.Ad-Hoc|x86.ActiveCfg = Ad-Hoc|iPhone
		{DED6DA1E-A5DB-4A35-B4A0-ED015906225B}.AppStore|Any CPU.ActiveCfg = AppStore|iPhone
		{DED6DA1E-A5DB-4A35-B4A0-ED015906225B}.AppStore|ARM.ActiveCfg = AppStore|iPhone
		{DED6DA1E-A5DB-4A35-B4A0-ED015906225B}.AppStore|iPhone.ActiveCfg = AppStore|iPhone
		{DED6DA1E-A5DB-4A35-B4A0-ED015906225B}.AppStore|iPhone.Build.0 = AppStore|iPhone
		{DED6DA1E-A5DB-4A35-B4A0-ED015906225B}.AppStore|iPhoneSimulator.ActiveCfg = AppStore|iPhoneSimulator
		{DED6DA1E-A5DB-4A35-B4A0-ED015906225B}.AppStore|iPhoneSimulator.Build.0 = AppStore|iPhoneSimulator
		{DED6DA1E-A5DB-4A35-B4A0-ED015906225B}.AppStore|x64.ActiveCfg = AppStore|iPhone
		{DED6DA1E-A5DB-4A35-B4A0-ED015906225B}.AppStore|x86.ActiveCfg = AppStore|iPhone
		{DED6DA1E-A5DB-4A35-B4A0-ED015906225B}.Debug|Any CPU.ActiveCfg = Debug|iPhone
		{DED6DA1E-A5DB-4A35-B4A0-ED015906225B}.Debug|ARM.ActiveCfg = Debug|iPhone
		{DED6DA1E-A5DB-4A35-B4A0-ED015906225B}.Debug|iPhone.ActiveCfg = Debug|iPhone
		{DED6DA1E-A5DB-4A35-B4A0-ED015906225B}.Debug|iPhone.Build.0 = Debug|iPhone
		{DED6DA1E-A5DB-4A35-B4A0-ED015906225B}.Debug|iPhoneSimulator.ActiveCfg = Debug|iPhoneSimulator
		{DED6DA1E-A5DB-4A35-B4A0-ED015906225B}.Debug|iPhoneSimulator.Build.0 = Debug|iPhoneSimulator
		{DED6DA1E-A5DB-4A35-B4A0-ED015906225B}.Debug|x64.ActiveCfg = Debug|iPhone
		{DED6DA1E-A5DB-4A35-B4A0-ED015906225B}.Debug|x86.ActiveCfg = Debug|iPhone
		{DED6DA1E-A5DB-4A35-B4A0-ED015906225B}.Release|Any CPU.ActiveCfg = Release|iPhone
		{DED6DA1E-A5DB-4A35-B4A0-ED015906225B}.Release|ARM.ActiveCfg = Release|iPhone
		{DED6DA1E-A5DB-4A35-B4A0-ED015906225B}.Release|iPhone.ActiveCfg = Release|iPhone
		{DED6DA1E-A5DB-4A35-B4A0-ED015906225B}.Release|iPhone.Build.0 = Release|iPhone
		{DED6DA1E-A5DB-4A35-B4A0-ED015906225B}.Release|iPhoneSimulator.ActiveCfg = Release|iPhoneSimulator
		{DED6DA1E-A5DB-4A35-B4A0-ED015906225B}.Release|iPhoneSimulator.Build.0 = Release|iPhoneSimulator
		{DED6DA1E-A5DB-4A35-B4A0-ED015906225B}.Release|x64.ActiveCfg = Release|iPhone
		{DED6DA1E-A5DB-4A35-B4A0-ED015906225B}.Release|x86.ActiveCfg = Release|iPhone
		{3A8F6E87-01FC-406C-B5A3-1E5CFF3A353D}.Ad-Hoc|Any CPU.ActiveCfg = Release|x86
		{3A8F6E87-01FC-406C-B5A3-1E5CFF3A353D}.Ad-Hoc|Any CPU.Build.0 = Release|x86
		{3A8F6E87-01FC-406C-B5A3-1E5CFF3A353D}.Ad-Hoc|Any CPU.Deploy.0 = Release|x86
		{3A8F6E87-01FC-406C-B5A3-1E5CFF3A353D}.Ad-Hoc|ARM.ActiveCfg = Release|ARM
		{3A8F6E87-01FC-406C-B5A3-1E5CFF3A353D}.Ad-Hoc|ARM.Build.0 = Release|ARM
		{3A8F6E87-01FC-406C-B5A3-1E5CFF3A353D}.Ad-Hoc|ARM.Deploy.0 = Release|ARM
		{3A8F6E87-01FC-406C-B5A3-1E5CFF3A353D}.Ad-Hoc|iPhone.ActiveCfg = Release|x86
		{3A8F6E87-01FC-406C-B5A3-1E5CFF3A353D}.Ad-Hoc|iPhone.Build.0 = Release|x86
		{3A8F6E87-01FC-406C-B5A3-1E5CFF3A353D}.Ad-Hoc|iPhone.Deploy.0 = Release|x86
		{3A8F6E87-01FC-406C-B5A3-1E5CFF3A353D}.Ad-Hoc|iPhoneSimulator.ActiveCfg = Release|x86
		{3A8F6E87-01FC-406C-B5A3-1E5CFF3A353D}.Ad-Hoc|iPhoneSimulator.Build.0 = Release|x86
		{3A8F6E87-01FC-406C-B5A3-1E5CFF3A353D}.Ad-Hoc|iPhoneSimulator.Deploy.0 = Release|x86
		{3A8F6E87-01FC-406C-B5A3-1E5CFF3A353D}.Ad-Hoc|x64.ActiveCfg = Release|x64
		{3A8F6E87-01FC-406C-B5A3-1E5CFF3A353D}.Ad-Hoc|x64.Build.0 = Release|x64
		{3A8F6E87-01FC-406C-B5A3-1E5CFF3A353D}.Ad-Hoc|x64.Deploy.0 = Release|x64
		{3A8F6E87-01FC-406C-B5A3-1E5CFF3A353D}.Ad-Hoc|x86.ActiveCfg = Release|x86
		{3A8F6E87-01FC-406C-B5A3-1E5CFF3A353D}.Ad-Hoc|x86.Build.0 = Release|x86
		{3A8F6E87-01FC-406C-B5A3-1E5CFF3A353D}.Ad-Hoc|x86.Deploy.0 = Release|x86
		{3A8F6E87-01FC-406C-B5A3-1E5CFF3A353D}.AppStore|Any CPU.ActiveCfg = Release|x86
		{3A8F6E87-01FC-406C-B5A3-1E5CFF3A353D}.AppStore|Any CPU.Build.0 = Release|x86
		{3A8F6E87-01FC-406C-B5A3-1E5CFF3A353D}.AppStore|Any CPU.Deploy.0 = Release|x86
		{3A8F6E87-01FC-406C-B5A3-1E5CFF3A353D}.AppStore|ARM.ActiveCfg = Release|ARM
		{3A8F6E87-01FC-406C-B5A3-1E5CFF3A353D}.AppStore|ARM.Build.0 = Release|ARM
		{3A8F6E87-01FC-406C-B5A3-1E5CFF3A353D}.AppStore|ARM.Deploy.0 = Release|ARM
		{3A8F6E87-01FC-406C-B5A3-1E5CFF3A353D}.AppStore|iPhone.ActiveCfg = Release|x86
		{3A8F6E87-01FC-406C-B5A3-1E5CFF3A353D}.AppStore|iPhone.Build.0 = Release|x86
		{3A8F6E87-01FC-406C-B5A3-1E5CFF3A353D}.AppStore|iPhone.Deploy.0 = Release|x86
		{3A8F6E87-01FC-406C-B5A3-1E5CFF3A353D}.AppStore|iPhoneSimulator.ActiveCfg = Release|x86
		{3A8F6E87-01FC-406C-B5A3-1E5CFF3A353D}.AppStore|iPhoneSimulator.Build.0 = Release|x86
		{3A8F6E87-01FC-406C-B5A3-1E5CFF3A353D}.AppStore|iPhoneSimulator.Deploy.0 = Release|x86
		{3A8F6E87-01FC-406C-B5A3-1E5CFF3A353D}.AppStore|x64.ActiveCfg = Release|x64
		{3A8F6E87-01FC-406C-B5A3-1E5CFF3A353D}.AppStore|x64.Build.0 = Release|x64
		{3A8F6E87-01FC-406C-B5A3-1E5CFF3A353D}.AppStore|x64.Deploy.0 = Release|x64
		{3A8F6E87-01FC-406C-B5A3-1E5CFF3A353D}.AppStore|x86.ActiveCfg = Release|x86
		{3A8F6E87-01FC-406C-B5A3-1E5CFF3A353D}.AppStore|x86.Build.0 = Release|x86
		{3A8F6E87-01FC-406C-B5A3-1E5CFF3A353D}.AppStore|x86.Deploy.0 = Release|x86
		{3A8F6E87-01FC-406C-B5A3-1E5CFF3A353D}.Debug|Any CPU.ActiveCfg = Debug|x86
		{3A8F6E87-01FC-406C-B5A3-1E5CFF3A353D}.Debug|ARM.ActiveCfg = Debug|ARM
		{3A8F6E87-01FC-406C-B5A3-1E5CFF3A353D}.Debug|ARM.Build.0 = Debug|ARM
		{3A8F6E87-01FC-406C-B5A3-1E5CFF3A353D}.Debug|ARM.Deploy.0 = Debug|ARM
		{3A8F6E87-01FC-406C-B5A3-1E5CFF3A353D}.Debug|iPhone.ActiveCfg = Debug|x86
		{3A8F6E87-01FC-406C-B5A3-1E5CFF3A353D}.Debug|iPhoneSimulator.ActiveCfg = Debug|x86
		{3A8F6E87-01FC-406C-B5A3-1E5CFF3A353D}.Debug|x64.ActiveCfg = Debug|x64
		{3A8F6E87-01FC-406C-B5A3-1E5CFF3A353D}.Debug|x64.Build.0 = Debug|x64
		{3A8F6E87-01FC-406C-B5A3-1E5CFF3A353D}.Debug|x64.Deploy.0 = Debug|x64
		{3A8F6E87-01FC-406C-B5A3-1E5CFF3A353D}.Debug|x86.ActiveCfg = Debug|x86
		{3A8F6E87-01FC-406C-B5A3-1E5CFF3A353D}.Debug|x86.Build.0 = Debug|x86
		{3A8F6E87-01FC-406C-B5A3-1E5CFF3A353D}.Debug|x86.Deploy.0 = Debug|x86
		{3A8F6E87-01FC-406C-B5A3-1E5CFF3A353D}.Release|Any CPU.ActiveCfg = Release|x86
		{3A8F6E87-01FC-406C-B5A3-1E5CFF3A353D}.Release|ARM.ActiveCfg = Release|ARM
		{3A8F6E87-01FC-406C-B5A3-1E5CFF3A353D}.Release|ARM.Build.0 = Release|ARM
		{3A8F6E87-01FC-406C-B5A3-1E5CFF3A353D}.Release|ARM.Deploy.0 = Release|ARM
		{3A8F6E87-01FC-406C-B5A3-1E5CFF3A353D}.Release|iPhone.ActiveCfg = Release|x86
		{3A8F6E87-01FC-406C-B5A3-1E5CFF3A353D}.Release|iPhoneSimulator.ActiveCfg = Release|x86
		{3A8F6E87-01FC-406C-B5A3-1E5CFF3A353D}.Release|x64.ActiveCfg = Release|x64
		{3A8F6E87-01FC-406C-B5A3-1E5CFF3A353D}.Release|x64.Build.0 = Release|x64
		{3A8F6E87-01FC-406C-B5A3-1E5CFF3A353D}.Release|x64.Deploy.0 = Release|x64
		{3A8F6E87-01FC-406C-B5A3-1E5CFF3A353D}.Release|x86.ActiveCfg = Release|x86
		{3A8F6E87-01FC-406C-B5A3-1E5CFF3A353D}.Release|x86.Build.0 = Release|x86
		{3A8F6E87-01FC-406C-B5A3-1E5CFF3A353D}.Release|x86.Deploy.0 = Release|x86
		{726674B8-B8D9-4CE6-923B-66EE603D122D}.Ad-Hoc|Any CPU.ActiveCfg = Debug|Any CPU
		{726674B8-B8D9-4CE6-923B-66EE603D122D}.Ad-Hoc|Any CPU.Build.0 = Debug|Any CPU
		{726674B8-B8D9-4CE6-923B-66EE603D122D}.Ad-Hoc|ARM.ActiveCfg = Debug|Any CPU
		{726674B8-B8D9-4CE6-923B-66EE603D122D}.Ad-Hoc|ARM.Build.0 = Debug|Any CPU
		{726674B8-B8D9-4CE6-923B-66EE603D122D}.Ad-Hoc|iPhone.ActiveCfg = Debug|Any CPU
		{726674B8-B8D9-4CE6-923B-66EE603D122D}.Ad-Hoc|iPhone.Build.0 = Debug|Any CPU
		{726674B8-B8D9-4CE6-923B-66EE603D122D}.Ad-Hoc|iPhoneSimulator.ActiveCfg = Debug|Any CPU
		{726674B8-B8D9-4CE6-923B-66EE603D122D}.Ad-Hoc|iPhoneSimulator.Build.0 = Debug|Any CPU
		{726674B8-B8D9-4CE6-923B-66EE603D122D}.Ad-Hoc|x64.ActiveCfg = Debug|Any CPU
		{726674B8-B8D9-4CE6-923B-66EE603D122D}.Ad-Hoc|x64.Build.0 = Debug|Any CPU
		{726674B8-B8D9-4CE6-923B-66EE603D122D}.Ad-Hoc|x86.ActiveCfg = Debug|Any CPU
		{726674B8-B8D9-4CE6-923B-66EE603D122D}.Ad-Hoc|x86.Build.0 = Debug|Any CPU
		{726674B8-B8D9-4CE6-923B-66EE603D122D}.AppStore|Any CPU.ActiveCfg = Debug|Any CPU
		{726674B8-B8D9-4CE6-923B-66EE603D122D}.AppStore|Any CPU.Build.0 = Debug|Any CPU
		{726674B8-B8D9-4CE6-923B-66EE603D122D}.AppStore|ARM.ActiveCfg = Debug|Any CPU
		{726674B8-B8D9-4CE6-923B-66EE603D122D}.AppStore|ARM.Build.0 = Debug|Any CPU
		{726674B8-B8D9-4CE6-923B-66EE603D122D}.AppStore|iPhone.ActiveCfg = Debug|Any CPU
		{726674B8-B8D9-4CE6-923B-66EE603D122D}.AppStore|iPhone.Build.0 = Debug|Any CPU
		{726674B8-B8D9-4CE6-923B-66EE603D122D}.AppStore|iPhoneSimulator.ActiveCfg = Debug|Any CPU
		{726674B8-B8D9-4CE6-923B-66EE603D122D}.AppStore|iPhoneSimulator.Build.0 = Debug|Any CPU
		{726674B8-B8D9-4CE6-923B-66EE603D122D}.AppStore|x64.ActiveCfg = Debug|Any CPU
		{726674B8-B8D9-4CE6-923B-66EE603D122D}.AppStore|x64.Build.0 = Debug|Any CPU
		{726674B8-B8D9-4CE6-923B-66EE603D122D}.AppStore|x86.ActiveCfg = Debug|Any CPU
		{726674B8-B8D9-4CE6-923B-66EE603D122D}.AppStore|x86.Build.0 = Debug|Any CPU
		{726674B8-B8D9-4CE6-923B-66EE603D122D}.Debug|Any CPU.ActiveCfg = Debug|Any CPU
		{726674B8-B8D9-4CE6-923B-66EE603D122D}.Debug|Any CPU.Build.0 = Debug|Any CPU
		{726674B8-B8D9-4CE6-923B-66EE603D122D}.Debug|ARM.ActiveCfg = Debug|Any CPU
		{726674B8-B8D9-4CE6-923B-66EE603D122D}.Debug|ARM.Build.0 = Debug|Any CPU
		{726674B8-B8D9-4CE6-923B-66EE603D122D}.Debug|iPhone.ActiveCfg = Debug|Any CPU
		{726674B8-B8D9-4CE6-923B-66EE603D122D}.Debug|iPhone.Build.0 = Debug|Any CPU
		{726674B8-B8D9-4CE6-923B-66EE603D122D}.Debug|iPhoneSimulator.ActiveCfg = Debug|Any CPU
		{726674B8-B8D9-4CE6-923B-66EE603D122D}.Debug|iPhoneSimulator.Build.0 = Debug|Any CPU
		{726674B8-B8D9-4CE6-923B-66EE603D122D}.Debug|x64.ActiveCfg = Debug|Any CPU
		{726674B8-B8D9-4CE6-923B-66EE603D122D}.Debug|x64.Build.0 = Debug|Any CPU
		{726674B8-B8D9-4CE6-923B-66EE603D122D}.Debug|x86.ActiveCfg = Debug|Any CPU
		{726674B8-B8D9-4CE6-923B-66EE603D122D}.Debug|x86.Build.0 = Debug|Any CPU
		{726674B8-B8D9-4CE6-923B-66EE603D122D}.Release|Any CPU.ActiveCfg = Release|Any CPU
		{726674B8-B8D9-4CE6-923B-66EE603D122D}.Release|Any CPU.Build.0 = Release|Any CPU
		{726674B8-B8D9-4CE6-923B-66EE603D122D}.Release|ARM.ActiveCfg = Release|Any CPU
		{726674B8-B8D9-4CE6-923B-66EE603D122D}.Release|ARM.Build.0 = Release|Any CPU
		{726674B8-B8D9-4CE6-923B-66EE603D122D}.Release|iPhone.ActiveCfg = Release|Any CPU
		{726674B8-B8D9-4CE6-923B-66EE603D122D}.Release|iPhone.Build.0 = Release|Any CPU
		{726674B8-B8D9-4CE6-923B-66EE603D122D}.Release|iPhoneSimulator.ActiveCfg = Release|Any CPU
		{726674B8-B8D9-4CE6-923B-66EE603D122D}.Release|iPhoneSimulator.Build.0 = Release|Any CPU
		{726674B8-B8D9-4CE6-923B-66EE603D122D}.Release|x64.ActiveCfg = Release|Any CPU
		{726674B8-B8D9-4CE6-923B-66EE603D122D}.Release|x64.Build.0 = Release|Any CPU
		{726674B8-B8D9-4CE6-923B-66EE603D122D}.Release|x86.ActiveCfg = Release|Any CPU
		{726674B8-B8D9-4CE6-923B-66EE603D122D}.Release|x86.Build.0 = Release|Any CPU
	EndGlobalSection
	GlobalSection(SolutionProperties) = preSolution
		HideSolutionNode = FALSE
	EndGlobalSection
	GlobalSection(ExtensibilityGlobals) = postSolution
		SolutionGuid = {92AB49C0-8E8B-4411-B18A-5C94ADD9B75D}
	EndGlobalSection
EndGlobal
